
Microsoft Visual Studio Solution File, Format Version 12.00
# Visual Studio 15
VisualStudioVersion = 15.0.27703.2018
MinimumVisualStudioVersion = 10.0.40219.1
Project("{00D1A9C2-B5F0-4AF3-8072-F6C62B433612}") = "Data-Warehouse-Testing-Suite-SQL-Server", "Data-Warehouse-Testing-Suite\Data-Warehouse-Testing-Suite-SQL-Server.sqlproj", "{D8010006-7239-4A0D-92B7-08178964FBE4}"
EndProject
Global
	GlobalSection(SolutionConfigurationPlatforms) = preSolution
		Debug|Any CPU = Debug|Any CPU
		Release|Any CPU = Release|Any CPU
	EndGlobalSection
	GlobalSection(ProjectConfigurationPlatforms) = postSolution
		{D8010006-7239-4A0D-92B7-08178964FBE4}.Debug|Any CPU.ActiveCfg = Debug|Any CPU
		{D8010006-7239-4A0D-92B7-08178964FBE4}.Debug|Any CPU.Build.0 = Debug|Any CPU
		{D8010006-7239-4A0D-92B7-08178964FBE4}.Debug|Any CPU.Deploy.0 = Debug|Any CPU
		{D8010006-7239-4A0D-92B7-08178964FBE4}.Release|Any CPU.ActiveCfg = Release|Any CPU
		{D8010006-7239-4A0D-92B7-08178964FBE4}.Release|Any CPU.Build.0 = Release|Any CPU
		{D8010006-7239-4A0D-92B7-08178964FBE4}.Release|Any CPU.Deploy.0 = Release|Any CPU
	EndGlobalSection
	GlobalSection(SolutionProperties) = preSolution
		HideSolutionNode = FALSE
	EndGlobalSection
	GlobalSection(ExtensibilityGlobals) = postSolution
		SolutionGuid = {C7DFB9C9-12E6-4AE1-AA31-1A013C5FA61C}
	EndGlobalSection
EndGlobal
